
Microsoft Visual Studio Solution File, Format Version 12.00
# Visual Studio Version 17
VisualStudioVersion = 17.9.34518.117
MinimumVisualStudioVersion = 10.0.40219.1
Project("{FAE04EC0-301F-11D3-BF4B-00C04F79EFBC}") = "Mid_Project", "Mid_Project\Mid_Project.csproj", "{0750EE13-6090-4A7B-B583-811C3EE04177}"
EndProject
Global
	GlobalSection(SolutionConfigurationPlatforms) = preSolution
		Debug|Any CPU = Debug|Any CPU
		Release|Any CPU = Release|Any CPU
	EndGlobalSection
	GlobalSection(ProjectConfigurationPlatforms) = postSolution
		{0750EE13-6090-4A7B-B583-811C3EE04177}.Debug|Any CPU.ActiveCfg = Debug|Any CPU
		{0750EE13-6090-4A7B-B583-811C3EE04177}.Debug|Any CPU.Build.0 = Debug|Any CPU
		{0750EE13-6090-4A7B-B583-811C3EE04177}.Release|Any CPU.ActiveCfg = Release|Any CPU
		{0750EE13-6090-4A7B-B583-811C3EE04177}.Release|Any CPU.Build.0 = Release|Any CPU
	EndGlobalSection
	GlobalSection(SolutionProperties) = preSolution
		HideSolutionNode = FALSE
	EndGlobalSection
	GlobalSection(ExtensibilityGlobals) = postSolution
		SolutionGuid = {D51DC428-BE82-459F-BC0D-17038E289443}
	EndGlobalSection
EndGlobal
